
Microsoft Visual Studio Solution File, Format Version 12.00
# Visual Studio 15
VisualStudioVersion = 15.0.27617.1
MinimumVisualStudioVersion = 10.0.40219.1
Project("{FAE04EC0-301F-11D3-BF4B-00C04F79EFBC}") = "WebAppCore21Preview2", "WebAppCore21Preview2\WebAppCore21Preview2.csproj", "{27D43C56-EB66-46D6-885F-345B61D4E893}"
EndProject
Project("{E53339B2-1760-4266-BCC7-CA923CBCF16C}") = "docker-compose", "docker-compose.dcproj", "{A9C04296-FDF7-4791-A02E-F1D625FCC65F}"
EndProject
Global
	GlobalSection(SolutionConfigurationPlatforms) = preSolution
		Debug|Any CPU = Debug|Any CPU
		Release|Any CPU = Release|Any CPU
	EndGlobalSection
	GlobalSection(ProjectConfigurationPlatforms) = postSolution
		{27D43C56-EB66-46D6-885F-345B61D4E893}.Debug|Any CPU.ActiveCfg = Debug|Any CPU
		{27D43C56-EB66-46D6-885F-345B61D4E893}.Debug|Any CPU.Build.0 = Debug|Any CPU
		{27D43C56-EB66-46D6-885F-345B61D4E893}.Release|Any CPU.ActiveCfg = Release|Any CPU
		{27D43C56-EB66-46D6-885F-345B61D4E893}.Release|Any CPU.Build.0 = Release|Any CPU
		{A9C04296-FDF7-4791-A02E-F1D625FCC65F}.Debug|Any CPU.ActiveCfg = Debug|Any CPU
		{A9C04296-FDF7-4791-A02E-F1D625FCC65F}.Debug|Any CPU.Build.0 = Debug|Any CPU
		{A9C04296-FDF7-4791-A02E-F1D625FCC65F}.Release|Any CPU.ActiveCfg = Release|Any CPU
		{A9C04296-FDF7-4791-A02E-F1D625FCC65F}.Release|Any CPU.Build.0 = Release|Any CPU
	EndGlobalSection
	GlobalSection(SolutionProperties) = preSolution
		HideSolutionNode = FALSE
	EndGlobalSection
	GlobalSection(ExtensibilityGlobals) = postSolution
		SolutionGuid = {0790E24B-835D-482F-93F3-9A89098CBB8A}
	EndGlobalSection
EndGlobal
